
Microsoft Visual Studio Solution File, Format Version 12.00
# Visual Studio Version 17
VisualStudioVersion = 17.3.32929.385
MinimumVisualStudioVersion = 10.0.40219.1
Project("{FAE04EC0-301F-11D3-BF4B-00C04F79EFBC}") = "WPFProjekt", "WPFProjekt\WPFProjekt.csproj", "{C60AB250-3F01-4923-858B-EA0FFDB17B6F}"
EndProject
Global
	GlobalSection(SolutionConfigurationPlatforms) = preSolution
		Debug|Any CPU = Debug|Any CPU
		Release|Any CPU = Release|Any CPU
	EndGlobalSection
	GlobalSection(ProjectConfigurationPlatforms) = postSolution
		{C60AB250-3F01-4923-858B-EA0FFDB17B6F}.Debug|Any CPU.ActiveCfg = Debug|Any CPU
		{C60AB250-3F01-4923-858B-EA0FFDB17B6F}.Debug|Any CPU.Build.0 = Debug|Any CPU
		{C60AB250-3F01-4923-858B-EA0FFDB17B6F}.Release|Any CPU.ActiveCfg = Release|Any CPU
		{C60AB250-3F01-4923-858B-EA0FFDB17B6F}.Release|Any CPU.Build.0 = Release|Any CPU
	EndGlobalSection
	GlobalSection(SolutionProperties) = preSolution
		HideSolutionNode = FALSE
	EndGlobalSection
	GlobalSection(ExtensibilityGlobals) = postSolution
		SolutionGuid = {EB4E0015-87F3-4DA5-8BAA-B8BB21B0CF00}
	EndGlobalSection
EndGlobal
